github.com/jinzhu/inflection v1.0.0/go.mod h1:h+uFLlag+Qp1Va5pdKtLDYj+kHp5pxUVkryuEj+Srlc=
github.com/jinzhu/now v1.1.4/go.mod h1:d3SSVoowX0Lcu0IBviAWJpolVfI5UJVZZ7cO71lE/z8=
github.com/jinzhu/now v1.1.5 h1:/o9tlHleP7gOFmsnYNz3RGnqzefHA47wQpKrrdTIwXQ=
github.com/jinzhu/now v1.1.5/go.mod h1:d3SSVoowX0Lcu0IBviAWJpolVfI5UJVZZ7cO71lE/z8=
github.com/phuslu/log v1.0.81 h1:07l/g+gde7oD77iCHXst/0iSu40BbcEkvv4pTeQCe+c=
github.com/phuslu/log v1.0.81/go.mod h1:kzJN3LRifrepxThMjufQwS7S35yFAB+jAV1qgA7eBW4=
gorm.io/gorm v1.24.0 h1:j/CoiSm6xpRpmzbFJsQHYj+I8bGYWLXVHeYEyyKlF74=
gorm.io/gorm v1.24.0/go.mod h1:DVrVomtaYTbqs7gB/x2uVvqnXzv0nqjB396B8cG4dBA=
