github.com/go-logr/logr v1.4.2 h1:6pFjapn8bFcIbiKo3XT4j/BhANplGihG6tvd+8rYgrY=
github.com/go-logr/logr v1.4.2/go.mod h1:9T104GzyrTigFIr8wt5mBrctHMim0Nb2HLGrmQ40KvY=
github.com/phuslu/log v1.0.106 h1:3SBSDdd+sxkT1ZzZWoarl2A7ANOwxYd6LdTbZu7DYH0=
github.com/phuslu/log v1.0.106/go.mod h1:F8osGJADo5qLK/0F88djWwdyoZZ9xDJQL1HYRHFEkS0=
